
Microsoft Visual Studio Solution File, Format Version 12.00
# Visual Studio Version 16
VisualStudioVersion = 16.0.30413.136
MinimumVisualStudioVersion = 10.0.40219.1
Project("{FAE04EC0-301F-11D3-BF4B-00C04F79EFBC}") = "WindowsFormMaterialDesign", "WindowsFormMaterialDesign\WindowsFormMaterialDesign.csproj", "{78AB2E5F-D5DF-4038-99F9-F61A826E3C65}"
EndProject
Project("{FAE04EC0-301F-11D3-BF4B-00C04F79EFBC}") = "CustomerFormMaterial", "CustomerFormMaterial\CustomerFormMaterial.csproj", "{0365AA5E-BD66-4157-A959-027D6841EBC7}"
EndProject
Global
	GlobalSection(SolutionConfigurationPlatforms) = preSolution
		Debug|Any CPU = Debug|Any CPU
		Release|Any CPU = Release|Any CPU
	EndGlobalSection
	GlobalSection(ProjectConfigurationPlatforms) = postSolution
		{78AB2E5F-D5DF-4038-99F9-F61A826E3C65}.Debug|Any CPU.ActiveCfg = Debug|Any CPU
		{78AB2E5F-D5DF-4038-99F9-F61A826E3C65}.Debug|Any CPU.Build.0 = Debug|Any CPU
		{78AB2E5F-D5DF-4038-99F9-F61A826E3C65}.Release|Any CPU.ActiveCfg = Release|Any CPU
		{78AB2E5F-D5DF-4038-99F9-F61A826E3C65}.Release|Any CPU.Build.0 = Release|Any CPU
		{0365AA5E-BD66-4157-A959-027D6841EBC7}.Debug|Any CPU.ActiveCfg = Debug|Any CPU
		{0365AA5E-BD66-4157-A959-027D6841EBC7}.Debug|Any CPU.Build.0 = Debug|Any CPU
		{0365AA5E-BD66-4157-A959-027D6841EBC7}.Release|Any CPU.ActiveCfg = Release|Any CPU
		{0365AA5E-BD66-4157-A959-027D6841EBC7}.Release|Any CPU.Build.0 = Release|Any CPU
	EndGlobalSection
	GlobalSection(SolutionProperties) = preSolution
		HideSolutionNode = FALSE
	EndGlobalSection
	GlobalSection(ExtensibilityGlobals) = postSolution
		SolutionGuid = {6CEFA6C5-86AC-4843-98F3-A72DB9D8D0A2}
	EndGlobalSection
EndGlobal
